
Microsoft Visual Studio Solution File, Format Version 12.00
# Visual Studio Version 16
VisualStudioVersion = 16.0.29009.5
MinimumVisualStudioVersion = 10.0.40219.1
Project("{FAE04EC0-301F-11D3-BF4B-00C04F79EFBC}") = "DataStructureAlgorithms", "DataStructureAlgorithms\DataStructureAlgorithms.csproj", "{11BC4B9B-8BA8-40D8-99C3-31DD0A1CE4B7}"
EndProject
Global
	GlobalSection(SolutionConfigurationPlatforms) = preSolution
		Debug|Any CPU = Debug|Any CPU
		Release|Any CPU = Release|Any CPU
	EndGlobalSection
	GlobalSection(ProjectConfigurationPlatforms) = postSolution
		{11BC4B9B-8BA8-40D8-99C3-31DD0A1CE4B7}.Debug|Any CPU.ActiveCfg = Debug|Any CPU
		{11BC4B9B-8BA8-40D8-99C3-31DD0A1CE4B7}.Debug|Any CPU.Build.0 = Debug|Any CPU
		{11BC4B9B-8BA8-40D8-99C3-31DD0A1CE4B7}.Release|Any CPU.ActiveCfg = Release|Any CPU
		{11BC4B9B-8BA8-40D8-99C3-31DD0A1CE4B7}.Release|Any CPU.Build.0 = Release|Any CPU
	EndGlobalSection
	GlobalSection(SolutionProperties) = preSolution
		HideSolutionNode = FALSE
	EndGlobalSection
	GlobalSection(ExtensibilityGlobals) = postSolution
		SolutionGuid = {86444463-99B6-4E84-9AA4-74D696BDBA93}
	EndGlobalSection
EndGlobal
